
Microsoft Visual Studio Solution File, Format Version 12.00
# Visual Studio Version 16
VisualStudioVersion = 16.0.32002.261
MinimumVisualStudioVersion = 10.0.40219.1
Project("{FAE04EC0-301F-11D3-BF4B-00C04F79EFBC}") = "CacheBrowsers", "CacheBrowsers.csproj", "{77E640BE-7971-4952-9F23-92FBE57CE591}"
EndProject
Global
	GlobalSection(SolutionConfigurationPlatforms) = preSolution
		Debug|Any CPU = Debug|Any CPU
		Release|Any CPU = Release|Any CPU
	EndGlobalSection
	GlobalSection(ProjectConfigurationPlatforms) = postSolution
		{77E640BE-7971-4952-9F23-92FBE57CE591}.Debug|Any CPU.ActiveCfg = Debug|Any CPU
		{77E640BE-7971-4952-9F23-92FBE57CE591}.Debug|Any CPU.Build.0 = Debug|Any CPU
		{77E640BE-7971-4952-9F23-92FBE57CE591}.Release|Any CPU.ActiveCfg = Release|Any CPU
		{77E640BE-7971-4952-9F23-92FBE57CE591}.Release|Any CPU.Build.0 = Release|Any CPU
	EndGlobalSection
	GlobalSection(SolutionProperties) = preSolution
		HideSolutionNode = FALSE
	EndGlobalSection
	GlobalSection(ExtensibilityGlobals) = postSolution
		SolutionGuid = {C6AAE07D-3D59-4ED1-830E-4DDB30A79571}
	EndGlobalSection
EndGlobal
